
Microsoft Visual Studio Solution File, Format Version 12.00
# Visual Studio 15
VisualStudioVersion = 15.0.27703.2035
MinimumVisualStudioVersion = 10.0.40219.1
Project("{FAE04EC0-301F-11D3-BF4B-00C04F79EFBC}") = "testGit3", "testGit3\testGit3.csproj", "{B32C7AE2-9C69-4688-983F-BC1A4530CDD9}"
EndProject
Global
	GlobalSection(SolutionConfigurationPlatforms) = preSolution
		Debug|Any CPU = Debug|Any CPU
		Release|Any CPU = Release|Any CPU
	EndGlobalSection
	GlobalSection(ProjectConfigurationPlatforms) = postSolution
		{B32C7AE2-9C69-4688-983F-BC1A4530CDD9}.Debug|Any CPU.ActiveCfg = Debug|Any CPU
		{B32C7AE2-9C69-4688-983F-BC1A4530CDD9}.Debug|Any CPU.Build.0 = Debug|Any CPU
		{B32C7AE2-9C69-4688-983F-BC1A4530CDD9}.Release|Any CPU.ActiveCfg = Release|Any CPU
		{B32C7AE2-9C69-4688-983F-BC1A4530CDD9}.Release|Any CPU.Build.0 = Release|Any CPU
	EndGlobalSection
	GlobalSection(SolutionProperties) = preSolution
		HideSolutionNode = FALSE
	EndGlobalSection
	GlobalSection(ExtensibilityGlobals) = postSolution
		SolutionGuid = {D12A1017-53A0-4A62-9BC4-8BDBF833929D}
	EndGlobalSection
EndGlobal
